<Solution>
  <Folder Name="/src/">
    <Project Path="src/Axial.Elmish/Axial.Elmish.fsproj" />
    <Project Path="src/GitKay.Core/GitKay.Core.fsproj" />
    <Project Path="src/GitKay.Kit/GitKay.Kit.fsproj" />
    <Project Path="src/GitKay.Serialization/GitKay.Serialization.fsproj" />
    <Project Path="src/GitKay.UI/GitKay.UI.csproj" />
  </Folder>
  <Folder Name="/tests/">
    <Project Path="tests/GitKay.Tests/GitKay.Tests.fsproj" />
    <Project Path="tests/GitKay.UI.Tests/GitKay.UI.Tests.fsproj" />
  </Folder>
  <Folder Name="/benchmarks/">
    <Project Path="benchmarks/GitKay.Rendering.Benchmarks/GitKay.Rendering.Benchmarks.csproj" />
  </Folder>
</Solution>
