<Solution>
  <Folder Name="/src/">
    <Project Path="src/GitKay.Core/GitKay.Core.fsproj" />
    <Project Path="src/GitKay.UI/GitKay.UI.csproj" />
  </Folder>
  <Folder Name="/tests/">
    <Project Path="tests/GitKay.Tests/GitKay.Tests.fsproj" />
  </Folder>
  <Folder Name="/external/">
    <Project Path="../../Elmish.Avalonia.Glue/main/src/Elmish.Glue.Core/Elmish.Glue.Core.fsproj" />
    <Project Path="../../Elmish.Avalonia.Glue/main/src/Elmish.Avalonia.Glue/Elmish.Avalonia.Glue.fsproj" />
  </Folder>
</Solution>
